
Microsoft Visual Studio Solution File, Format Version 12.00
# Visual Studio Version 17
VisualStudioVersion = 17.0.31808.319
MinimumVisualStudioVersion = 10.0.40219.1
Project("{9A19103F-16F7-4668-BE54-9A1E7A4F7556}") = "ServMonAPI", "ServMonAPI\ServMonAPI.csproj", "{F1FBDE45-B87B-4173-8A3D-0E88AF2C8122}"
EndProject
Project("{9A19103F-16F7-4668-BE54-9A1E7A4F7556}") = "ServMonTesting", "ServMonTesting\ServMonTesting.csproj", "{6CE3F0B3-2881-4E02-9B54-052469C417BA}"
EndProject
Project("{FAE04EC0-301F-11D3-BF4B-00C04F79EFBC}") = "SentinelMonitor", "SentinelMonitor\SentinelMonitor.csproj", "{2DB4F304-2C8D-4C75-BAA8-5A30A993DFA8}"
EndProject
Global
	GlobalSection(SolutionConfigurationPlatforms) = preSolution
		Debug|Any CPU = Debug|Any CPU
		Release|Any CPU = Release|Any CPU
	EndGlobalSection
	GlobalSection(ProjectConfigurationPlatforms) = postSolution
		{F1FBDE45-B87B-4173-8A3D-0E88AF2C8122}.Debug|Any CPU.ActiveCfg = Debug|Any CPU
		{F1FBDE45-B87B-4173-8A3D-0E88AF2C8122}.Debug|Any CPU.Build.0 = Debug|Any CPU
		{F1FBDE45-B87B-4173-8A3D-0E88AF2C8122}.Release|Any CPU.ActiveCfg = Release|Any CPU
		{F1FBDE45-B87B-4173-8A3D-0E88AF2C8122}.Release|Any CPU.Build.0 = Release|Any CPU
		{6CE3F0B3-2881-4E02-9B54-052469C417BA}.Debug|Any CPU.ActiveCfg = Debug|Any CPU
		{6CE3F0B3-2881-4E02-9B54-052469C417BA}.Debug|Any CPU.Build.0 = Debug|Any CPU
		{6CE3F0B3-2881-4E02-9B54-052469C417BA}.Release|Any CPU.ActiveCfg = Release|Any CPU
		{6CE3F0B3-2881-4E02-9B54-052469C417BA}.Release|Any CPU.Build.0 = Release|Any CPU
		{2DB4F304-2C8D-4C75-BAA8-5A30A993DFA8}.Debug|Any CPU.ActiveCfg = Debug|Any CPU
		{2DB4F304-2C8D-4C75-BAA8-5A30A993DFA8}.Debug|Any CPU.Build.0 = Debug|Any CPU
		{2DB4F304-2C8D-4C75-BAA8-5A30A993DFA8}.Release|Any CPU.ActiveCfg = Release|Any CPU
		{2DB4F304-2C8D-4C75-BAA8-5A30A993DFA8}.Release|Any CPU.Build.0 = Release|Any CPU
	EndGlobalSection
	GlobalSection(SolutionProperties) = preSolution
		HideSolutionNode = FALSE
	EndGlobalSection
	GlobalSection(ExtensibilityGlobals) = postSolution
		SolutionGuid = {71A0939F-D616-4C51-AF90-F8312F54A04F}
	EndGlobalSection
EndGlobal
